{
    "_readme": [
        "This file locks the dependencies of your project to a known state",
        "Read more about it at https://getcomposer.org/doc/01-basic-usage.md#installing-dependencies",
        "This file is @generated automatically"
    ],
    "content-hash": "e9175525f4b7ecac64d59551dbec7486",
    "packages": [
        {
            "name": "redgoose/console",
            "version": "1.0.0",
            "source": {
                "type": "git",
                "url": "https://github.com/redgoose-dev/php-console.git",
                "reference": "1bb8dfd58260745939c805bcf1450c4f00051f25"
            },
            "dist": {
                "type": "zip",
                "url": "https://api.github.com/repos/redgoose-dev/php-console/zipball/1bb8dfd58260745939c805bcf1450c4f00051f25",
                "reference": "1bb8dfd58260745939c805bcf1450c4f00051f25",
                "shasum": ""
            },
            "require": {
                "php": ">=7.2.0"
            },
            "type": "library",
            "autoload": {
                "classmap": [
                    "src/Console.php"
                ]
            },
            "notification-url": "https://packagist.org/downloads/",
            "license": [
                "MIT"
            ],
            "authors": [
                {
                    "name": "redgoose",
                    "email": "scripter@me.com"
                }
            ],
            "description": "use javascript `console.log()` interface",
            "time": "2019-12-12T05:33:32+00:00"
        }
    ],
    "packages-dev": [],
    "aliases": [],
    "minimum-stability": "stable",
    "stability-flags": [],
    "prefer-stable": false,
    "prefer-lowest": false,
    "platform": {
        "php": ">=7.2.0"
    },
    "platform-dev": []
}
